
Microsoft Visual Studio Solution File, Format Version 12.00
# Visual Studio 15
VisualStudioVersion = 15.0.27130.2027
MinimumVisualStudioVersion = 10.0.40219.1
Project("{8BC9CEB8-8B4A-11D0-8D11-00A0C91BC942}") = "Seed_CAN", "Seed_CAN.vcxproj", "{A40AA128-2F6A-4093-9D18-92A12333D15D}"
EndProject
Global
	GlobalSection(SolutionConfigurationPlatforms) = preSolution
		Debug|VisualGDB = Debug|VisualGDB
		Release|VisualGDB = Release|VisualGDB
	EndGlobalSection
	GlobalSection(ProjectConfigurationPlatforms) = postSolution
		{A40AA128-2F6A-4093-9D18-92A12333D15D}.Debug|VisualGDB.ActiveCfg = Debug|VisualGDB
		{A40AA128-2F6A-4093-9D18-92A12333D15D}.Debug|VisualGDB.Build.0 = Debug|VisualGDB
		{A40AA128-2F6A-4093-9D18-92A12333D15D}.Release|VisualGDB.ActiveCfg = Release|VisualGDB
		{A40AA128-2F6A-4093-9D18-92A12333D15D}.Release|VisualGDB.Build.0 = Release|VisualGDB
	EndGlobalSection
	GlobalSection(SolutionProperties) = preSolution
		HideSolutionNode = FALSE
	EndGlobalSection
	GlobalSection(ExtensibilityGlobals) = postSolution
		SolutionGuid = {9C1E079C-5B36-4548-95C0-5A017E78B156}
	EndGlobalSection
EndGlobal
